
Microsoft Visual Studio Solution File, Format Version 12.00
# Visual Studio Version 17
VisualStudioVersion = 17.0.31903.59
MinimumVisualStudioVersion = 10.0.40219.1
Project("{2150E333-8FDC-42A3-9474-1A3956D46DE8}") = "src", "src", "{827E0CD3-B72D-47B6-A68D-7590B98EB39B}"
EndProject
Project("{FAE04EC0-301F-11D3-BF4B-00C04F79EFBC}") = "BigData.Domain", "src\BigData.Domain\BigData.Domain.csproj", "{F8FC5872-9A7E-4892-BB1D-33DEF1964031}"
EndProject
Project("{FAE04EC0-301F-11D3-BF4B-00C04F79EFBC}") = "BigData.Core", "src\BigData.Core\BigData.Core.csproj", "{2E95F7D2-5DEF-4BD1-9334-B5B326C304EB}"
EndProject
Project("{FAE04EC0-301F-11D3-BF4B-00C04F79EFBC}") = "BigData.Infrastructure", "src\BigData.Infrastructure\BigData.Infrastructure.csproj", "{3E606614-CB6C-4CED-A725-6951F7CB6C09}"
EndProject
Project("{FAE04EC0-301F-11D3-BF4B-00C04F79EFBC}") = "BigData.Application", "src\BigData.Application\BigData.Application.csproj", "{0DA14427-AC92-44E2-9B80-683193F848C2}"
EndProject
Project("{FAE04EC0-301F-11D3-BF4B-00C04F79EFBC}") = "BigData.API", "src\BigData.API\BigData.API.csproj", "{016282C6-2589-4061-AEE8-DEC9CA34F74F}"
EndProject
Project("{2150E333-8FDC-42A3-9474-1A3956D46DE8}") = "tests", "tests", "{0AB3BF05-4346-4AA6-1389-037BE0695223}"
EndProject
Project("{FAE04EC0-301F-11D3-BF4B-00C04F79EFBC}") = "BigData.Tests", "tests\BigData.Tests\BigData.Tests.csproj", "{D38C3677-AB91-4B33-A922-98B0A1658318}"
EndProject
Global
	GlobalSection(SolutionConfigurationPlatforms) = preSolution
		Debug|Any CPU = Debug|Any CPU
		Debug|x64 = Debug|x64
		Debug|x86 = Debug|x86
		Release|Any CPU = Release|Any CPU
		Release|x64 = Release|x64
		Release|x86 = Release|x86
	EndGlobalSection
	GlobalSection(ProjectConfigurationPlatforms) = postSolution
		{F8FC5872-9A7E-4892-BB1D-33DEF1964031}.Debug|Any CPU.ActiveCfg = Debug|Any CPU
		{F8FC5872-9A7E-4892-BB1D-33DEF1964031}.Debug|Any CPU.Build.0 = Debug|Any CPU
		{F8FC5872-9A7E-4892-BB1D-33DEF1964031}.Debug|x64.ActiveCfg = Debug|Any CPU
		{F8FC5872-9A7E-4892-BB1D-33DEF1964031}.Debug|x64.Build.0 = Debug|Any CPU
		{F8FC5872-9A7E-4892-BB1D-33DEF1964031}.Debug|x86.ActiveCfg = Debug|Any CPU
		{F8FC5872-9A7E-4892-BB1D-33DEF1964031}.Debug|x86.Build.0 = Debug|Any CPU
		{F8FC5872-9A7E-4892-BB1D-33DEF1964031}.Release|Any CPU.ActiveCfg = Release|Any CPU
		{F8FC5872-9A7E-4892-BB1D-33DEF1964031}.Release|Any CPU.Build.0 = Release|Any CPU
		{F8FC5872-9A7E-4892-BB1D-33DEF1964031}.Release|x64.ActiveCfg = Release|Any CPU
		{F8FC5872-9A7E-4892-BB1D-33DEF1964031}.Release|x64.Build.0 = Release|Any CPU
		{F8FC5872-9A7E-4892-BB1D-33DEF1964031}.Release|x86.ActiveCfg = Release|Any CPU
		{F8FC5872-9A7E-4892-BB1D-33DEF1964031}.Release|x86.Build.0 = Release|Any CPU
		{2E95F7D2-5DEF-4BD1-9334-B5B326C304EB}.Debug|Any CPU.ActiveCfg = Debug|Any CPU
		{2E95F7D2-5DEF-4BD1-9334-B5B326C304EB}.Debug|Any CPU.Build.0 = Debug|Any CPU
		{2E95F7D2-5DEF-4BD1-9334-B5B326C304EB}.Debug|x64.ActiveCfg = Debug|Any CPU
		{2E95F7D2-5DEF-4BD1-9334-B5B326C304EB}.Debug|x64.Build.0 = Debug|Any CPU
		{2E95F7D2-5DEF-4BD1-9334-B5B326C304EB}.Debug|x86.ActiveCfg = Debug|Any CPU
		{2E95F7D2-5DEF-4BD1-9334-B5B326C304EB}.Debug|x86.Build.0 = Debug|Any CPU
		{2E95F7D2-5DEF-4BD1-9334-B5B326C304EB}.Release|Any CPU.ActiveCfg = Release|Any CPU
		{2E95F7D2-5DEF-4BD1-9334-B5B326C304EB}.Release|Any CPU.Build.0 = Release|Any CPU
		{2E95F7D2-5DEF-4BD1-9334-B5B326C304EB}.Release|x64.ActiveCfg = Release|Any CPU
		{2E95F7D2-5DEF-4BD1-9334-B5B326C304EB}.Release|x64.Build.0 = Release|Any CPU
		{2E95F7D2-5DEF-4BD1-9334-B5B326C304EB}.Release|x86.ActiveCfg = Release|Any CPU
		{2E95F7D2-5DEF-4BD1-9334-B5B326C304EB}.Release|x86.Build.0 = Release|Any CPU
		{3E606614-CB6C-4CED-A725-6951F7CB6C09}.Debug|Any CPU.ActiveCfg = Debug|Any CPU
		{3E606614-CB6C-4CED-A725-6951F7CB6C09}.Debug|Any CPU.Build.0 = Debug|Any CPU
		{3E606614-CB6C-4CED-A725-6951F7CB6C09}.Debug|x64.ActiveCfg = Debug|Any CPU
		{3E606614-CB6C-4CED-A725-6951F7CB6C09}.Debug|x64.Build.0 = Debug|Any CPU
		{3E606614-CB6C-4CED-A725-6951F7CB6C09}.Debug|x86.ActiveCfg = Debug|Any CPU
		{3E606614-CB6C-4CED-A725-6951F7CB6C09}.Debug|x86.Build.0 = Debug|Any CPU
		{3E606614-CB6C-4CED-A725-6951F7CB6C09}.Release|Any CPU.ActiveCfg = Release|Any CPU
		{3E606614-CB6C-4CED-A725-6951F7CB6C09}.Release|Any CPU.Build.0 = Release|Any CPU
		{3E606614-CB6C-4CED-A725-6951F7CB6C09}.Release|x64.ActiveCfg = Release|Any CPU
		{3E606614-CB6C-4CED-A725-6951F7CB6C09}.Release|x64.Build.0 = Release|Any CPU
		{3E606614-CB6C-4CED-A725-6951F7CB6C09}.Release|x86.ActiveCfg = Release|Any CPU
		{3E606614-CB6C-4CED-A725-6951F7CB6C09}.Release|x86.Build.0 = Release|Any CPU
		{0DA14427-AC92-44E2-9B80-683193F848C2}.Debug|Any CPU.ActiveCfg = Debug|Any CPU
		{0DA14427-AC92-44E2-9B80-683193F848C2}.Debug|Any CPU.Build.0 = Debug|Any CPU
		{0DA14427-AC92-44E2-9B80-683193F848C2}.Debug|x64.ActiveCfg = Debug|Any CPU
		{0DA14427-AC92-44E2-9B80-683193F848C2}.Debug|x64.Build.0 = Debug|Any CPU
		{0DA14427-AC92-44E2-9B80-683193F848C2}.Debug|x86.ActiveCfg = Debug|Any CPU
		{0DA14427-AC92-44E2-9B80-683193F848C2}.Debug|x86.Build.0 = Debug|Any CPU
		{0DA14427-AC92-44E2-9B80-683193F848C2}.Release|Any CPU.ActiveCfg = Release|Any CPU
		{0DA14427-AC92-44E2-9B80-683193F848C2}.Release|Any CPU.Build.0 = Release|Any CPU
		{0DA14427-AC92-44E2-9B80-683193F848C2}.Release|x64.ActiveCfg = Release|Any CPU
		{0DA14427-AC92-44E2-9B80-683193F848C2}.Release|x64.Build.0 = Release|Any CPU
		{0DA14427-AC92-44E2-9B80-683193F848C2}.Release|x86.ActiveCfg = Release|Any CPU
		{0DA14427-AC92-44E2-9B80-683193F848C2}.Release|x86.Build.0 = Release|Any CPU
		{016282C6-2589-4061-AEE8-DEC9CA34F74F}.Debug|Any CPU.ActiveCfg = Debug|Any CPU
		{016282C6-2589-4061-AEE8-DEC9CA34F74F}.Debug|Any CPU.Build.0 = Debug|Any CPU
		{016282C6-2589-4061-AEE8-DEC9CA34F74F}.Debug|x64.ActiveCfg = Debug|Any CPU
		{016282C6-2589-4061-AEE8-DEC9CA34F74F}.Debug|x64.Build.0 = Debug|Any CPU
		{016282C6-2589-4061-AEE8-DEC9CA34F74F}.Debug|x86.ActiveCfg = Debug|Any CPU
		{016282C6-2589-4061-AEE8-DEC9CA34F74F}.Debug|x86.Build.0 = Debug|Any CPU
		{016282C6-2589-4061-AEE8-DEC9CA34F74F}.Release|Any CPU.ActiveCfg = Release|Any CPU
		{016282C6-2589-4061-AEE8-DEC9CA34F74F}.Release|Any CPU.Build.0 = Release|Any CPU
		{016282C6-2589-4061-AEE8-DEC9CA34F74F}.Release|x64.ActiveCfg = Release|Any CPU
		{016282C6-2589-4061-AEE8-DEC9CA34F74F}.Release|x64.Build.0 = Release|Any CPU
		{016282C6-2589-4061-AEE8-DEC9CA34F74F}.Release|x86.ActiveCfg = Release|Any CPU
		{016282C6-2589-4061-AEE8-DEC9CA34F74F}.Release|x86.Build.0 = Release|Any CPU
		{D38C3677-AB91-4B33-A922-98B0A1658318}.Debug|Any CPU.ActiveCfg = Debug|Any CPU
		{D38C3677-AB91-4B33-A922-98B0A1658318}.Debug|Any CPU.Build.0 = Debug|Any CPU
		{D38C3677-AB91-4B33-A922-98B0A1658318}.Debug|x64.ActiveCfg = Debug|Any CPU
		{D38C3677-AB91-4B33-A922-98B0A1658318}.Debug|x64.Build.0 = Debug|Any CPU
		{D38C3677-AB91-4B33-A922-98B0A1658318}.Debug|x86.ActiveCfg = Debug|Any CPU
		{D38C3677-AB91-4B33-A922-98B0A1658318}.Debug|x86.Build.0 = Debug|Any CPU
		{D38C3677-AB91-4B33-A922-98B0A1658318}.Release|Any CPU.ActiveCfg = Release|Any CPU
		{D38C3677-AB91-4B33-A922-98B0A1658318}.Release|Any CPU.Build.0 = Release|Any CPU
		{D38C3677-AB91-4B33-A922-98B0A1658318}.Release|x64.ActiveCfg = Release|Any CPU
		{D38C3677-AB91-4B33-A922-98B0A1658318}.Release|x64.Build.0 = Release|Any CPU
		{D38C3677-AB91-4B33-A922-98B0A1658318}.Release|x86.ActiveCfg = Release|Any CPU
		{D38C3677-AB91-4B33-A922-98B0A1658318}.Release|x86.Build.0 = Release|Any CPU
	EndGlobalSection
	GlobalSection(SolutionProperties) = preSolution
		HideSolutionNode = FALSE
	EndGlobalSection
	GlobalSection(NestedProjects) = preSolution
		{F8FC5872-9A7E-4892-BB1D-33DEF1964031} = {827E0CD3-B72D-47B6-A68D-7590B98EB39B}
		{2E95F7D2-5DEF-4BD1-9334-B5B326C304EB} = {827E0CD3-B72D-47B6-A68D-7590B98EB39B}
		{3E606614-CB6C-4CED-A725-6951F7CB6C09} = {827E0CD3-B72D-47B6-A68D-7590B98EB39B}
		{0DA14427-AC92-44E2-9B80-683193F848C2} = {827E0CD3-B72D-47B6-A68D-7590B98EB39B}
		{016282C6-2589-4061-AEE8-DEC9CA34F74F} = {827E0CD3-B72D-47B6-A68D-7590B98EB39B}
		{D38C3677-AB91-4B33-A922-98B0A1658318} = {0AB3BF05-4346-4AA6-1389-037BE0695223}
	EndGlobalSection
EndGlobal
